
Microsoft Visual Studio Solution File, Format Version 12.00
# Visual Studio 14
VisualStudioVersion = 14.0.25123.0
MinimumVisualStudioVersion = 10.0.40219.1
Project("{FAE04EC0-301F-11D3-BF4B-00C04F79EFBC}") = "aZaaS.KStar", "aZaaS.KStar\aZaaS.KStar.csproj", "{0AC4D700-8155-44AB-A5BD-D97E7C34BCEE}"
EndProject
Project("{FAE04EC0-301F-11D3-BF4B-00C04F79EFBC}") = "aZaaS.KStar.Wcf", "aZaaS.KStar.Wcf\aZaaS.KStar.Wcf.csproj", "{62267FD4-36AF-4595-AC9E-4EC89E470829}"
EndProject
Project("{FAE04EC0-301F-11D3-BF4B-00C04F79EFBC}") = "aZaaS.KStar.Web", "aZaaS.KStar.Web\aZaaS.KStar.Web.csproj", "{321EF512-4E71-4F1E-8954-971FB14FC31D}"
EndProject
Project("{FAE04EC0-301F-11D3-BF4B-00C04F79EFBC}") = "aZaaS.Kstar.DAL", "aZaas.Kstar.DAL\aZaaS.Kstar.DAL.csproj", "{B1612F59-9E34-4BC5-A610-E76167654780}"
EndProject
Project("{2150E333-8FDC-42A3-9474-1A3956D46DE8}") = "Form", "Form", "{AFDB97F6-585F-4AD5-8819-D1A62365721F}"
EndProject
Project("{2150E333-8FDC-42A3-9474-1A3956D46DE8}") = "Samples", "Samples", "{172AE51D-BBB7-4062-BE81-E8B9D24C6240}"
EndProject
Project("{2150E333-8FDC-42A3-9474-1A3956D46DE8}") = "Core", "Core", "{21A6B913-0047-4F32-814D-7C1AC4D8B688}"
EndProject
Project("{2150E333-8FDC-42A3-9474-1A3956D46DE8}") = "Scripts", "Scripts", "{090C791B-7CE4-4172-BE3C-D62EB9FD8394}"
	ProjectSection(SolutionItems) = preProject
		Scripts\00_Databases.sql = Scripts\00_Databases.sql
		Scripts\01_aZaaS.Framework.sql = Scripts\01_aZaaS.Framework.sql
		Scripts\02_aZaaS.KStar.sql = Scripts\02_aZaaS.KStar.sql
		Scripts\03_aZaaS.Framework.Quartznet.sql = Scripts\03_aZaaS.Framework.Quartznet.sql
		Scripts\04_KSTARService.sql = Scripts\04_KSTARService.sql
		Scripts\05_aZaaS.Framework_SampleData.sql = Scripts\05_aZaaS.Framework_SampleData.sql
		Scripts\06_aZaaS.KStar_SampleData.sql = Scripts\06_aZaaS.KStar_SampleData.sql
		Scripts\aZaaS.KStar_DynamicWiget_MANUALLY.sql = Scripts\aZaaS.KStar_DynamicWiget_MANUALLY.sql
		Scripts\prognosis.sql = Scripts\prognosis.sql
		Scripts\run_scripts.bat = Scripts\run_scripts.bat
		Scripts\Upgrate_aZaaS.Framework-20150825.sql = Scripts\Upgrate_aZaaS.Framework-20150825.sql
		Scripts\Upgrate_aZaaS.KStar-20151022.sql = Scripts\Upgrate_aZaaS.KStar-20151022.sql
	EndProjectSection
EndProject
Project("{2150E333-8FDC-42A3-9474-1A3956D46DE8}") = "Mobile", "Mobile", "{B098529F-819C-412B-B723-EC52B3218695}"
EndProject
Project("{FAE04EC0-301F-11D3-BF4B-00C04F79EFBC}") = "aZaaS.KSTAR.MobileServices", "aZaaS.KStar.MobileService\aZaaS.KSTAR.MobileServices\aZaaS.KSTAR.MobileServices.csproj", "{0C73335D-0BD3-4CE8-B4D0-EF583BE32F13}"
EndProject
Project("{FAE04EC0-301F-11D3-BF4B-00C04F79EFBC}") = "aZaaS.KSTAR.MobileServices.Models", "aZaaS.KStar.MobileService\aZaaS.KSTAR.MobileServices.Models\aZaaS.KSTAR.MobileServices.Models.csproj", "{13EEBAF1-6E77-40CB-AF5E-6BC46911BE06}"
EndProject
Project("{FAE04EC0-301F-11D3-BF4B-00C04F79EFBC}") = "aZaaS.KSTAR.MobileServices.Providers", "aZaaS.KStar.MobileService\aZaaS.KSTAR.MobileServices.Providers\aZaaS.KSTAR.MobileServices.Providers.csproj", "{12736F0F-E5AF-4B5F-8995-71C2F42949E1}"
EndProject
Project("{2150E333-8FDC-42A3-9474-1A3956D46DE8}") = "Tools", "Tools", "{1705A1DE-5628-49AA-8537-C431795D69E0}"
EndProject
Project("{2150E333-8FDC-42A3-9474-1A3956D46DE8}") = "CustomRole", "CustomRole", "{6C0A74D5-81E1-43FE-9B57-CAE400611CD9}"
	ProjectSection(SolutionItems) = preProject
		Samples\CustomRole\aZaas.NeowayOnly.DAL.dll = Samples\CustomRole\aZaas.NeowayOnly.DAL.dll
		Samples\CustomRole\NW.Common.CustomerRole.dll = Samples\CustomRole\NW.Common.CustomerRole.dll
	EndProjectSection
EndProject
Project("{2150E333-8FDC-42A3-9474-1A3956D46DE8}") = "Workflow", "Workflow", "{4ED51E59-7641-4BAC-AB30-FD61720662F7}"
	ProjectSection(SolutionItems) = preProject
		Workflow\KStar.kspx = Workflow\KStar.kspx
	EndProjectSection
EndProject
Project("{2150E333-8FDC-42A3-9474-1A3956D46DE8}") = "SSO", "SSO", "{72316BE2-6EE8-4B2D-A0CA-E4EE70A16181}"
EndProject
Project("{2150E333-8FDC-42A3-9474-1A3956D46DE8}") = "Tests", "Tests", "{1640D9DB-5DA1-4409-A843-D40322BA0109}"
EndProject
Project("{2150E333-8FDC-42A3-9474-1A3956D46DE8}") = "Docs", "Docs", "{06DF1A82-07CA-47BA-A396-423B61ED0AB5}"
	ProjectSection(SolutionItems) = preProject
		Docs\KStar(v1.8)源码使用指南.docx = Docs\KStar(v1.8)源码使用指南.docx
	EndProjectSection
EndProject
Project("{FAE04EC0-301F-11D3-BF4B-00C04F79EFBC}") = "SSOLoginWeb", "aZaaS.KStar.SSO\SSOLoginWeb\SSOLoginWeb.csproj", "{0E0D4623-EFBA-4F17-A606-D7195332C8B0}"
EndProject
Project("{FAE04EC0-301F-11D3-BF4B-00C04F79EFBC}") = "SSOLoginWeb.Manage", "aZaaS.KStar.SSO\SSOLoginWeb.Manage\SSOLoginWeb.Manage.csproj", "{EE416BCE-6C13-4464-B4F0-BB27BC2024CB}"
EndProject
Project("{2150E333-8FDC-42A3-9474-1A3956D46DE8}") = "CustomRole", "CustomRole", "{FAD02103-B3E4-47BE-93BC-0896593758B0}"
EndProject
Project("{2150E333-8FDC-42A3-9474-1A3956D46DE8}") = "Expressions", "Expressions", "{B86B7D92-5A5D-4B9A-8893-7F03B6C42D7D}"
EndProject
Project("{FAE04EC0-301F-11D3-BF4B-00C04F79EFBC}") = "aZaaS.KStar.Form", "aZaaS.KStar.Form\aZaaS.KStar.Form\aZaaS.KStar.Form.csproj", "{F876470B-E2C8-457D-96FD-35A703C573AD}"
EndProject
Project("{FAE04EC0-301F-11D3-BF4B-00C04F79EFBC}") = "aZaaS.KStar.Form.Mvc", "aZaaS.KStar.Form\aZaaS.KStar.Form.Mvc\aZaaS.KStar.Form.Mvc.csproj", "{F1B2B109-F244-43F7-9FB9-0D7DF60AF7FF}"
EndProject
Project("{FAE04EC0-301F-11D3-BF4B-00C04F79EFBC}") = "aZaaS.KStar.EmailExpression", "aZaaS.KStar.Expressions\aZaaS.KStar.EmailExpression\aZaaS.KStar.EmailExpression.csproj", "{39274474-BB6F-4163-8743-5E4340704DEE}"
EndProject
Project("{FAE04EC0-301F-11D3-BF4B-00C04F79EFBC}") = "aZaaS.KStar.BuiltInRoles", "aZaaS.KStar.CustomRole\aZaaS.KStar.BuiltInRoles\aZaaS.KStar.BuiltInRoles.csproj", "{4B5B8BB7-A60C-4E3C-AC29-E3F2DF9E88D4}"
EndProject
Project("{FAE04EC0-301F-11D3-BF4B-00C04F79EFBC}") = "aZaaS.KStar.CustomRole", "aZaaS.KStar.CustomRole\aZaaS.KStar.CustomRole\aZaaS.KStar.CustomRole.csproj", "{93548A11-239A-4196-BA3C-BDF48F123F94}"
EndProject
Project("{FAE04EC0-301F-11D3-BF4B-00C04F79EFBC}") = "UserSync", "aZaaS.KStar.Tools\UserSync\UserSync.csproj", "{95011FFB-D0DF-4A05-A475-DA34EE7259C7}"
EndProject
Project("{2150E333-8FDC-42A3-9474-1A3956D46DE8}") = "Task", "Task", "{BC6AF477-8EF8-4EED-B037-E541614F781C}"
EndProject
Project("{FAE04EC0-301F-11D3-BF4B-00C04F79EFBC}") = "InTransitTaskService", "Task\InTransitTasks\InTransitTaskService.csproj", "{708C63A4-3E38-47C6-A109-A85F9CBD765B}"
EndProject
Project("{2150E333-8FDC-42A3-9474-1A3956D46DE8}") = "TaskDLL", "TaskDLL", "{2A48B44F-76C6-4C8E-BED3-731B559CFC78}"
	ProjectSection(SolutionItems) = preProject
		Task\TaskDLL\aZaaS.KStar.Attribute.dll = Task\TaskDLL\aZaaS.KStar.Attribute.dll
		Task\TaskDLL\aZaaS.KStar.Interface.dll = Task\TaskDLL\aZaaS.KStar.Interface.dll
		Task\TaskDLL\aZaaS.KStar.Utilities.dll = Task\TaskDLL\aZaaS.KStar.Utilities.dll
	EndProjectSection
EndProject
Project("{FAE04EC0-301F-11D3-BF4B-00C04F79EFBC}") = "CustomSSOLogin", "Task\CustomSSOLogin\CustomSSOLogin.csproj", "{4E9F326E-CE97-43B0-839B-AB1970976BD1}"
EndProject
Project("{FAE04EC0-301F-11D3-BF4B-00C04F79EFBC}") = "K2.Framework.SSO", "aZaaS.KStar.SSO\K2.Framework.SSO\K2.Framework.SSO.csproj", "{74311635-E2B8-4296-A8D7-BA11277A46ED}"
EndProject
Project("{FAE04EC0-301F-11D3-BF4B-00C04F79EFBC}") = "K2.Framework.SSO.Base", "aZaaS.KStar.SSO\K2.Framework.SSO.Base\K2.Framework.SSO.Base.csproj", "{3654B358-D645-4B4B-BB18-D259797535F2}"
EndProject
Project("{FAE04EC0-301F-11D3-BF4B-00C04F79EFBC}") = "K2.Framework.SSO.ISSOLogin", "aZaaS.KStar.SSO\K2.Framework.SSO.ISSOLogin\K2.Framework.SSO.ISSOLogin.csproj", "{E22E6F85-9FDB-44CA-B09D-01D324094BF0}"
EndProject
Project("{D50D8A3F-5CE1-4E89-9491-F84FAB0E386A}") = "aZaaS.KStar.Workflow", "aZaaS.KStar.Workflow\aZaaS.KStar.Workflow.k2proj", "{6351B42C-22EC-4F87-B12B-FFEFAFD404BA}"
EndProject
Global
	GlobalSection(SolutionConfigurationPlatforms) = preSolution
		Debug|Any CPU = Debug|Any CPU
		EF5 Debug|Any CPU = EF5 Debug|Any CPU
		EF5 Release|Any CPU = EF5 Release|Any CPU
		EF5|Any CPU = EF5|Any CPU
		Release|Any CPU = Release|Any CPU
	EndGlobalSection
	GlobalSection(ProjectConfigurationPlatforms) = postSolution
		{0AC4D700-8155-44AB-A5BD-D97E7C34BCEE}.Debug|Any CPU.ActiveCfg = Debug|Any CPU
		{0AC4D700-8155-44AB-A5BD-D97E7C34BCEE}.Debug|Any CPU.Build.0 = Debug|Any CPU
		{0AC4D700-8155-44AB-A5BD-D97E7C34BCEE}.EF5 Debug|Any CPU.ActiveCfg = Debug|Any CPU
		{0AC4D700-8155-44AB-A5BD-D97E7C34BCEE}.EF5 Debug|Any CPU.Build.0 = Debug|Any CPU
		{0AC4D700-8155-44AB-A5BD-D97E7C34BCEE}.EF5 Release|Any CPU.ActiveCfg = Release|Any CPU
		{0AC4D700-8155-44AB-A5BD-D97E7C34BCEE}.EF5 Release|Any CPU.Build.0 = Release|Any CPU
		{0AC4D700-8155-44AB-A5BD-D97E7C34BCEE}.EF5|Any CPU.ActiveCfg = Release|Any CPU
		{0AC4D700-8155-44AB-A5BD-D97E7C34BCEE}.EF5|Any CPU.Build.0 = Release|Any CPU
		{0AC4D700-8155-44AB-A5BD-D97E7C34BCEE}.Release|Any CPU.ActiveCfg = Release|Any CPU
		{0AC4D700-8155-44AB-A5BD-D97E7C34BCEE}.Release|Any CPU.Build.0 = Release|Any CPU
		{62267FD4-36AF-4595-AC9E-4EC89E470829}.Debug|Any CPU.ActiveCfg = Debug|Any CPU
		{62267FD4-36AF-4595-AC9E-4EC89E470829}.Debug|Any CPU.Build.0 = Debug|Any CPU
		{62267FD4-36AF-4595-AC9E-4EC89E470829}.EF5 Debug|Any CPU.ActiveCfg = Debug|Any CPU
		{62267FD4-36AF-4595-AC9E-4EC89E470829}.EF5 Debug|Any CPU.Build.0 = Debug|Any CPU
		{62267FD4-36AF-4595-AC9E-4EC89E470829}.EF5 Release|Any CPU.ActiveCfg = Release|Any CPU
		{62267FD4-36AF-4595-AC9E-4EC89E470829}.EF5 Release|Any CPU.Build.0 = Release|Any CPU
		{62267FD4-36AF-4595-AC9E-4EC89E470829}.EF5|Any CPU.ActiveCfg = Release|Any CPU
		{62267FD4-36AF-4595-AC9E-4EC89E470829}.EF5|Any CPU.Build.0 = Release|Any CPU
		{62267FD4-36AF-4595-AC9E-4EC89E470829}.Release|Any CPU.ActiveCfg = Release|Any CPU
		{62267FD4-36AF-4595-AC9E-4EC89E470829}.Release|Any CPU.Build.0 = Release|Any CPU
		{321EF512-4E71-4F1E-8954-971FB14FC31D}.Debug|Any CPU.ActiveCfg = Debug|Any CPU
		{321EF512-4E71-4F1E-8954-971FB14FC31D}.Debug|Any CPU.Build.0 = Debug|Any CPU
		{321EF512-4E71-4F1E-8954-971FB14FC31D}.EF5 Debug|Any CPU.ActiveCfg = Debug|Any CPU
		{321EF512-4E71-4F1E-8954-971FB14FC31D}.EF5 Debug|Any CPU.Build.0 = Debug|Any CPU
		{321EF512-4E71-4F1E-8954-971FB14FC31D}.EF5 Release|Any CPU.ActiveCfg = Release|Any CPU
		{321EF512-4E71-4F1E-8954-971FB14FC31D}.EF5 Release|Any CPU.Build.0 = Release|Any CPU
		{321EF512-4E71-4F1E-8954-971FB14FC31D}.EF5|Any CPU.ActiveCfg = Release|Any CPU
		{321EF512-4E71-4F1E-8954-971FB14FC31D}.EF5|Any CPU.Build.0 = Release|Any CPU
		{321EF512-4E71-4F1E-8954-971FB14FC31D}.Release|Any CPU.ActiveCfg = Release|Any CPU
		{321EF512-4E71-4F1E-8954-971FB14FC31D}.Release|Any CPU.Build.0 = Release|Any CPU
		{B1612F59-9E34-4BC5-A610-E76167654780}.Debug|Any CPU.ActiveCfg = Debug|Any CPU
		{B1612F59-9E34-4BC5-A610-E76167654780}.Debug|Any CPU.Build.0 = Debug|Any CPU
		{B1612F59-9E34-4BC5-A610-E76167654780}.EF5 Debug|Any CPU.ActiveCfg = Debug|Any CPU
		{B1612F59-9E34-4BC5-A610-E76167654780}.EF5 Debug|Any CPU.Build.0 = Debug|Any CPU
		{B1612F59-9E34-4BC5-A610-E76167654780}.EF5 Release|Any CPU.ActiveCfg = Release|Any CPU
		{B1612F59-9E34-4BC5-A610-E76167654780}.EF5 Release|Any CPU.Build.0 = Release|Any CPU
		{B1612F59-9E34-4BC5-A610-E76167654780}.EF5|Any CPU.ActiveCfg = Release|Any CPU
		{B1612F59-9E34-4BC5-A610-E76167654780}.EF5|Any CPU.Build.0 = Release|Any CPU
		{B1612F59-9E34-4BC5-A610-E76167654780}.Release|Any CPU.ActiveCfg = Release|Any CPU
		{B1612F59-9E34-4BC5-A610-E76167654780}.Release|Any CPU.Build.0 = Release|Any CPU
		{0C73335D-0BD3-4CE8-B4D0-EF583BE32F13}.Debug|Any CPU.ActiveCfg = Debug|Any CPU
		{0C73335D-0BD3-4CE8-B4D0-EF583BE32F13}.Debug|Any CPU.Build.0 = Debug|Any CPU
		{0C73335D-0BD3-4CE8-B4D0-EF583BE32F13}.EF5 Debug|Any CPU.ActiveCfg = Debug|Any CPU
		{0C73335D-0BD3-4CE8-B4D0-EF583BE32F13}.EF5 Debug|Any CPU.Build.0 = Debug|Any CPU
		{0C73335D-0BD3-4CE8-B4D0-EF583BE32F13}.EF5 Release|Any CPU.ActiveCfg = Release|Any CPU
		{0C73335D-0BD3-4CE8-B4D0-EF583BE32F13}.EF5 Release|Any CPU.Build.0 = Release|Any CPU
		{0C73335D-0BD3-4CE8-B4D0-EF583BE32F13}.EF5|Any CPU.ActiveCfg = Release|Any CPU
		{0C73335D-0BD3-4CE8-B4D0-EF583BE32F13}.EF5|Any CPU.Build.0 = Release|Any CPU
		{0C73335D-0BD3-4CE8-B4D0-EF583BE32F13}.Release|Any CPU.ActiveCfg = Release|Any CPU
		{0C73335D-0BD3-4CE8-B4D0-EF583BE32F13}.Release|Any CPU.Build.0 = Release|Any CPU
		{13EEBAF1-6E77-40CB-AF5E-6BC46911BE06}.Debug|Any CPU.ActiveCfg = Debug|Any CPU
		{13EEBAF1-6E77-40CB-AF5E-6BC46911BE06}.Debug|Any CPU.Build.0 = Debug|Any CPU
		{13EEBAF1-6E77-40CB-AF5E-6BC46911BE06}.EF5 Debug|Any CPU.ActiveCfg = Debug|Any CPU
		{13EEBAF1-6E77-40CB-AF5E-6BC46911BE06}.EF5 Debug|Any CPU.Build.0 = Debug|Any CPU
		{13EEBAF1-6E77-40CB-AF5E-6BC46911BE06}.EF5 Release|Any CPU.ActiveCfg = Release|Any CPU
		{13EEBAF1-6E77-40CB-AF5E-6BC46911BE06}.EF5 Release|Any CPU.Build.0 = Release|Any CPU
		{13EEBAF1-6E77-40CB-AF5E-6BC46911BE06}.EF5|Any CPU.ActiveCfg = Release|Any CPU
		{13EEBAF1-6E77-40CB-AF5E-6BC46911BE06}.EF5|Any CPU.Build.0 = Release|Any CPU
		{13EEBAF1-6E77-40CB-AF5E-6BC46911BE06}.Release|Any CPU.ActiveCfg = Release|Any CPU
		{13EEBAF1-6E77-40CB-AF5E-6BC46911BE06}.Release|Any CPU.Build.0 = Release|Any CPU
		{12736F0F-E5AF-4B5F-8995-71C2F42949E1}.Debug|Any CPU.ActiveCfg = Debug|Any CPU
		{12736F0F-E5AF-4B5F-8995-71C2F42949E1}.Debug|Any CPU.Build.0 = Debug|Any CPU
		{12736F0F-E5AF-4B5F-8995-71C2F42949E1}.EF5 Debug|Any CPU.ActiveCfg = Debug|Any CPU
		{12736F0F-E5AF-4B5F-8995-71C2F42949E1}.EF5 Debug|Any CPU.Build.0 = Debug|Any CPU
		{12736F0F-E5AF-4B5F-8995-71C2F42949E1}.EF5 Release|Any CPU.ActiveCfg = Release|Any CPU
		{12736F0F-E5AF-4B5F-8995-71C2F42949E1}.EF5 Release|Any CPU.Build.0 = Release|Any CPU
		{12736F0F-E5AF-4B5F-8995-71C2F42949E1}.EF5|Any CPU.ActiveCfg = Release|Any CPU
		{12736F0F-E5AF-4B5F-8995-71C2F42949E1}.EF5|Any CPU.Build.0 = Release|Any CPU
		{12736F0F-E5AF-4B5F-8995-71C2F42949E1}.Release|Any CPU.ActiveCfg = Release|Any CPU
		{12736F0F-E5AF-4B5F-8995-71C2F42949E1}.Release|Any CPU.Build.0 = Release|Any CPU
		{0E0D4623-EFBA-4F17-A606-D7195332C8B0}.Debug|Any CPU.ActiveCfg = Debug|Any CPU
		{0E0D4623-EFBA-4F17-A606-D7195332C8B0}.Debug|Any CPU.Build.0 = Debug|Any CPU
		{0E0D4623-EFBA-4F17-A606-D7195332C8B0}.EF5 Debug|Any CPU.ActiveCfg = Debug|Any CPU
		{0E0D4623-EFBA-4F17-A606-D7195332C8B0}.EF5 Debug|Any CPU.Build.0 = Debug|Any CPU
		{0E0D4623-EFBA-4F17-A606-D7195332C8B0}.EF5 Release|Any CPU.ActiveCfg = Release|Any CPU
		{0E0D4623-EFBA-4F17-A606-D7195332C8B0}.EF5 Release|Any CPU.Build.0 = Release|Any CPU
		{0E0D4623-EFBA-4F17-A606-D7195332C8B0}.EF5|Any CPU.ActiveCfg = Release|Any CPU
		{0E0D4623-EFBA-4F17-A606-D7195332C8B0}.EF5|Any CPU.Build.0 = Release|Any CPU
		{0E0D4623-EFBA-4F17-A606-D7195332C8B0}.Release|Any CPU.ActiveCfg = Release|Any CPU
		{0E0D4623-EFBA-4F17-A606-D7195332C8B0}.Release|Any CPU.Build.0 = Release|Any CPU
		{EE416BCE-6C13-4464-B4F0-BB27BC2024CB}.Debug|Any CPU.ActiveCfg = Debug|Any CPU
		{EE416BCE-6C13-4464-B4F0-BB27BC2024CB}.Debug|Any CPU.Build.0 = Debug|Any CPU
		{EE416BCE-6C13-4464-B4F0-BB27BC2024CB}.EF5 Debug|Any CPU.ActiveCfg = Debug|Any CPU
		{EE416BCE-6C13-4464-B4F0-BB27BC2024CB}.EF5 Debug|Any CPU.Build.0 = Debug|Any CPU
		{EE416BCE-6C13-4464-B4F0-BB27BC2024CB}.EF5 Release|Any CPU.ActiveCfg = Release|Any CPU
		{EE416BCE-6C13-4464-B4F0-BB27BC2024CB}.EF5 Release|Any CPU.Build.0 = Release|Any CPU
		{EE416BCE-6C13-4464-B4F0-BB27BC2024CB}.EF5|Any CPU.ActiveCfg = Release|Any CPU
		{EE416BCE-6C13-4464-B4F0-BB27BC2024CB}.EF5|Any CPU.Build.0 = Release|Any CPU
		{EE416BCE-6C13-4464-B4F0-BB27BC2024CB}.Release|Any CPU.ActiveCfg = Release|Any CPU
		{EE416BCE-6C13-4464-B4F0-BB27BC2024CB}.Release|Any CPU.Build.0 = Release|Any CPU
		{F876470B-E2C8-457D-96FD-35A703C573AD}.Debug|Any CPU.ActiveCfg = Debug|Any CPU
		{F876470B-E2C8-457D-96FD-35A703C573AD}.Debug|Any CPU.Build.0 = Debug|Any CPU
		{F876470B-E2C8-457D-96FD-35A703C573AD}.EF5 Debug|Any CPU.ActiveCfg = Debug|Any CPU
		{F876470B-E2C8-457D-96FD-35A703C573AD}.EF5 Debug|Any CPU.Build.0 = Debug|Any CPU
		{F876470B-E2C8-457D-96FD-35A703C573AD}.EF5 Release|Any CPU.ActiveCfg = Release|Any CPU
		{F876470B-E2C8-457D-96FD-35A703C573AD}.EF5 Release|Any CPU.Build.0 = Release|Any CPU
		{F876470B-E2C8-457D-96FD-35A703C573AD}.EF5|Any CPU.ActiveCfg = Release|Any CPU
		{F876470B-E2C8-457D-96FD-35A703C573AD}.EF5|Any CPU.Build.0 = Release|Any CPU
		{F876470B-E2C8-457D-96FD-35A703C573AD}.Release|Any CPU.ActiveCfg = Release|Any CPU
		{F876470B-E2C8-457D-96FD-35A703C573AD}.Release|Any CPU.Build.0 = Release|Any CPU
		{F1B2B109-F244-43F7-9FB9-0D7DF60AF7FF}.Debug|Any CPU.ActiveCfg = Debug|Any CPU
		{F1B2B109-F244-43F7-9FB9-0D7DF60AF7FF}.Debug|Any CPU.Build.0 = Debug|Any CPU
		{F1B2B109-F244-43F7-9FB9-0D7DF60AF7FF}.EF5 Debug|Any CPU.ActiveCfg = Debug|Any CPU
		{F1B2B109-F244-43F7-9FB9-0D7DF60AF7FF}.EF5 Debug|Any CPU.Build.0 = Debug|Any CPU
		{F1B2B109-F244-43F7-9FB9-0D7DF60AF7FF}.EF5 Release|Any CPU.ActiveCfg = Release|Any CPU
		{F1B2B109-F244-43F7-9FB9-0D7DF60AF7FF}.EF5 Release|Any CPU.Build.0 = Release|Any CPU
		{F1B2B109-F244-43F7-9FB9-0D7DF60AF7FF}.EF5|Any CPU.ActiveCfg = Release|Any CPU
		{F1B2B109-F244-43F7-9FB9-0D7DF60AF7FF}.EF5|Any CPU.Build.0 = Release|Any CPU
		{F1B2B109-F244-43F7-9FB9-0D7DF60AF7FF}.Release|Any CPU.ActiveCfg = Release|Any CPU
		{F1B2B109-F244-43F7-9FB9-0D7DF60AF7FF}.Release|Any CPU.Build.0 = Release|Any CPU
		{39274474-BB6F-4163-8743-5E4340704DEE}.Debug|Any CPU.ActiveCfg = Debug|Any CPU
		{39274474-BB6F-4163-8743-5E4340704DEE}.Debug|Any CPU.Build.0 = Debug|Any CPU
		{39274474-BB6F-4163-8743-5E4340704DEE}.EF5 Debug|Any CPU.ActiveCfg = Debug|Any CPU
		{39274474-BB6F-4163-8743-5E4340704DEE}.EF5 Debug|Any CPU.Build.0 = Debug|Any CPU
		{39274474-BB6F-4163-8743-5E4340704DEE}.EF5 Release|Any CPU.ActiveCfg = Release|Any CPU
		{39274474-BB6F-4163-8743-5E4340704DEE}.EF5 Release|Any CPU.Build.0 = Release|Any CPU
		{39274474-BB6F-4163-8743-5E4340704DEE}.EF5|Any CPU.ActiveCfg = Release|Any CPU
		{39274474-BB6F-4163-8743-5E4340704DEE}.EF5|Any CPU.Build.0 = Release|Any CPU
		{39274474-BB6F-4163-8743-5E4340704DEE}.Release|Any CPU.ActiveCfg = Release|Any CPU
		{39274474-BB6F-4163-8743-5E4340704DEE}.Release|Any CPU.Build.0 = Release|Any CPU
		{4B5B8BB7-A60C-4E3C-AC29-E3F2DF9E88D4}.Debug|Any CPU.ActiveCfg = Debug|Any CPU
		{4B5B8BB7-A60C-4E3C-AC29-E3F2DF9E88D4}.Debug|Any CPU.Build.0 = Debug|Any CPU
		{4B5B8BB7-A60C-4E3C-AC29-E3F2DF9E88D4}.EF5 Debug|Any CPU.ActiveCfg = Debug|Any CPU
		{4B5B8BB7-A60C-4E3C-AC29-E3F2DF9E88D4}.EF5 Debug|Any CPU.Build.0 = Debug|Any CPU
		{4B5B8BB7-A60C-4E3C-AC29-E3F2DF9E88D4}.EF5 Release|Any CPU.ActiveCfg = Release|Any CPU
		{4B5B8BB7-A60C-4E3C-AC29-E3F2DF9E88D4}.EF5 Release|Any CPU.Build.0 = Release|Any CPU
		{4B5B8BB7-A60C-4E3C-AC29-E3F2DF9E88D4}.EF5|Any CPU.ActiveCfg = Release|Any CPU
		{4B5B8BB7-A60C-4E3C-AC29-E3F2DF9E88D4}.EF5|Any CPU.Build.0 = Release|Any CPU
		{4B5B8BB7-A60C-4E3C-AC29-E3F2DF9E88D4}.Release|Any CPU.ActiveCfg = Release|Any CPU
		{4B5B8BB7-A60C-4E3C-AC29-E3F2DF9E88D4}.Release|Any CPU.Build.0 = Release|Any CPU
		{93548A11-239A-4196-BA3C-BDF48F123F94}.Debug|Any CPU.ActiveCfg = Debug|Any CPU
		{93548A11-239A-4196-BA3C-BDF48F123F94}.Debug|Any CPU.Build.0 = Debug|Any CPU
		{93548A11-239A-4196-BA3C-BDF48F123F94}.EF5 Debug|Any CPU.ActiveCfg = Debug|Any CPU
		{93548A11-239A-4196-BA3C-BDF48F123F94}.EF5 Debug|Any CPU.Build.0 = Debug|Any CPU
		{93548A11-239A-4196-BA3C-BDF48F123F94}.EF5 Release|Any CPU.ActiveCfg = Release|Any CPU
		{93548A11-239A-4196-BA3C-BDF48F123F94}.EF5 Release|Any CPU.Build.0 = Release|Any CPU
		{93548A11-239A-4196-BA3C-BDF48F123F94}.EF5|Any CPU.ActiveCfg = Release|Any CPU
		{93548A11-239A-4196-BA3C-BDF48F123F94}.EF5|Any CPU.Build.0 = Release|Any CPU
		{93548A11-239A-4196-BA3C-BDF48F123F94}.Release|Any CPU.ActiveCfg = Release|Any CPU
		{93548A11-239A-4196-BA3C-BDF48F123F94}.Release|Any CPU.Build.0 = Release|Any CPU
		{95011FFB-D0DF-4A05-A475-DA34EE7259C7}.Debug|Any CPU.ActiveCfg = Debug|Any CPU
		{95011FFB-D0DF-4A05-A475-DA34EE7259C7}.Debug|Any CPU.Build.0 = Debug|Any CPU
		{95011FFB-D0DF-4A05-A475-DA34EE7259C7}.EF5 Debug|Any CPU.ActiveCfg = Debug|Any CPU
		{95011FFB-D0DF-4A05-A475-DA34EE7259C7}.EF5 Debug|Any CPU.Build.0 = Debug|Any CPU
		{95011FFB-D0DF-4A05-A475-DA34EE7259C7}.EF5 Release|Any CPU.ActiveCfg = Release|Any CPU
		{95011FFB-D0DF-4A05-A475-DA34EE7259C7}.EF5 Release|Any CPU.Build.0 = Release|Any CPU
		{95011FFB-D0DF-4A05-A475-DA34EE7259C7}.EF5|Any CPU.ActiveCfg = Release|Any CPU
		{95011FFB-D0DF-4A05-A475-DA34EE7259C7}.EF5|Any CPU.Build.0 = Release|Any CPU
		{95011FFB-D0DF-4A05-A475-DA34EE7259C7}.Release|Any CPU.ActiveCfg = Release|Any CPU
		{95011FFB-D0DF-4A05-A475-DA34EE7259C7}.Release|Any CPU.Build.0 = Release|Any CPU
		{708C63A4-3E38-47C6-A109-A85F9CBD765B}.Debug|Any CPU.ActiveCfg = Debug|Any CPU
		{708C63A4-3E38-47C6-A109-A85F9CBD765B}.Debug|Any CPU.Build.0 = Debug|Any CPU
		{708C63A4-3E38-47C6-A109-A85F9CBD765B}.EF5 Debug|Any CPU.ActiveCfg = Debug|Any CPU
		{708C63A4-3E38-47C6-A109-A85F9CBD765B}.EF5 Debug|Any CPU.Build.0 = Debug|Any CPU
		{708C63A4-3E38-47C6-A109-A85F9CBD765B}.EF5 Release|Any CPU.ActiveCfg = Release|Any CPU
		{708C63A4-3E38-47C6-A109-A85F9CBD765B}.EF5 Release|Any CPU.Build.0 = Release|Any CPU
		{708C63A4-3E38-47C6-A109-A85F9CBD765B}.EF5|Any CPU.ActiveCfg = Release|Any CPU
		{708C63A4-3E38-47C6-A109-A85F9CBD765B}.EF5|Any CPU.Build.0 = Release|Any CPU
		{708C63A4-3E38-47C6-A109-A85F9CBD765B}.Release|Any CPU.ActiveCfg = Release|Any CPU
		{708C63A4-3E38-47C6-A109-A85F9CBD765B}.Release|Any CPU.Build.0 = Release|Any CPU
		{4E9F326E-CE97-43B0-839B-AB1970976BD1}.Debug|Any CPU.ActiveCfg = Debug|Any CPU
		{4E9F326E-CE97-43B0-839B-AB1970976BD1}.Debug|Any CPU.Build.0 = Debug|Any CPU
		{4E9F326E-CE97-43B0-839B-AB1970976BD1}.EF5 Debug|Any CPU.ActiveCfg = Debug|Any CPU
		{4E9F326E-CE97-43B0-839B-AB1970976BD1}.EF5 Debug|Any CPU.Build.0 = Debug|Any CPU
		{4E9F326E-CE97-43B0-839B-AB1970976BD1}.EF5 Release|Any CPU.ActiveCfg = Release|Any CPU
		{4E9F326E-CE97-43B0-839B-AB1970976BD1}.EF5 Release|Any CPU.Build.0 = Release|Any CPU
		{4E9F326E-CE97-43B0-839B-AB1970976BD1}.EF5|Any CPU.ActiveCfg = Release|Any CPU
		{4E9F326E-CE97-43B0-839B-AB1970976BD1}.EF5|Any CPU.Build.0 = Release|Any CPU
		{4E9F326E-CE97-43B0-839B-AB1970976BD1}.Release|Any CPU.ActiveCfg = Release|Any CPU
		{4E9F326E-CE97-43B0-839B-AB1970976BD1}.Release|Any CPU.Build.0 = Release|Any CPU
		{74311635-E2B8-4296-A8D7-BA11277A46ED}.Debug|Any CPU.ActiveCfg = Debug|Any CPU
		{74311635-E2B8-4296-A8D7-BA11277A46ED}.Debug|Any CPU.Build.0 = Debug|Any CPU
		{74311635-E2B8-4296-A8D7-BA11277A46ED}.EF5 Debug|Any CPU.ActiveCfg = Debug|Any CPU
		{74311635-E2B8-4296-A8D7-BA11277A46ED}.EF5 Debug|Any CPU.Build.0 = Debug|Any CPU
		{74311635-E2B8-4296-A8D7-BA11277A46ED}.EF5 Release|Any CPU.ActiveCfg = Release|Any CPU
		{74311635-E2B8-4296-A8D7-BA11277A46ED}.EF5 Release|Any CPU.Build.0 = Release|Any CPU
		{74311635-E2B8-4296-A8D7-BA11277A46ED}.EF5|Any CPU.ActiveCfg = Release|Any CPU
		{74311635-E2B8-4296-A8D7-BA11277A46ED}.EF5|Any CPU.Build.0 = Release|Any CPU
		{74311635-E2B8-4296-A8D7-BA11277A46ED}.Release|Any CPU.ActiveCfg = Release|Any CPU
		{74311635-E2B8-4296-A8D7-BA11277A46ED}.Release|Any CPU.Build.0 = Release|Any CPU
		{3654B358-D645-4B4B-BB18-D259797535F2}.Debug|Any CPU.ActiveCfg = Debug|Any CPU
		{3654B358-D645-4B4B-BB18-D259797535F2}.Debug|Any CPU.Build.0 = Debug|Any CPU
		{3654B358-D645-4B4B-BB18-D259797535F2}.EF5 Debug|Any CPU.ActiveCfg = Debug|Any CPU
		{3654B358-D645-4B4B-BB18-D259797535F2}.EF5 Debug|Any CPU.Build.0 = Debug|Any CPU
		{3654B358-D645-4B4B-BB18-D259797535F2}.EF5 Release|Any CPU.ActiveCfg = Release|Any CPU
		{3654B358-D645-4B4B-BB18-D259797535F2}.EF5 Release|Any CPU.Build.0 = Release|Any CPU
		{3654B358-D645-4B4B-BB18-D259797535F2}.EF5|Any CPU.ActiveCfg = Release|Any CPU
		{3654B358-D645-4B4B-BB18-D259797535F2}.EF5|Any CPU.Build.0 = Release|Any CPU
		{3654B358-D645-4B4B-BB18-D259797535F2}.Release|Any CPU.ActiveCfg = Release|Any CPU
		{3654B358-D645-4B4B-BB18-D259797535F2}.Release|Any CPU.Build.0 = Release|Any CPU
		{E22E6F85-9FDB-44CA-B09D-01D324094BF0}.Debug|Any CPU.ActiveCfg = Debug|Any CPU
		{E22E6F85-9FDB-44CA-B09D-01D324094BF0}.Debug|Any CPU.Build.0 = Debug|Any CPU
		{E22E6F85-9FDB-44CA-B09D-01D324094BF0}.EF5 Debug|Any CPU.ActiveCfg = Debug|Any CPU
		{E22E6F85-9FDB-44CA-B09D-01D324094BF0}.EF5 Debug|Any CPU.Build.0 = Debug|Any CPU
		{E22E6F85-9FDB-44CA-B09D-01D324094BF0}.EF5 Release|Any CPU.ActiveCfg = Release|Any CPU
		{E22E6F85-9FDB-44CA-B09D-01D324094BF0}.EF5 Release|Any CPU.Build.0 = Release|Any CPU
		{E22E6F85-9FDB-44CA-B09D-01D324094BF0}.EF5|Any CPU.ActiveCfg = Release|Any CPU
		{E22E6F85-9FDB-44CA-B09D-01D324094BF0}.EF5|Any CPU.Build.0 = Release|Any CPU
		{E22E6F85-9FDB-44CA-B09D-01D324094BF0}.Release|Any CPU.ActiveCfg = Release|Any CPU
		{E22E6F85-9FDB-44CA-B09D-01D324094BF0}.Release|Any CPU.Build.0 = Release|Any CPU
		{6351B42C-22EC-4F87-B12B-FFEFAFD404BA}.Debug|Any CPU.ActiveCfg = Debug|Any CPU
		{6351B42C-22EC-4F87-B12B-FFEFAFD404BA}.Debug|Any CPU.Build.0 = Debug|Any CPU
		{6351B42C-22EC-4F87-B12B-FFEFAFD404BA}.Debug|Any CPU.Deploy.0 = Debug|Any CPU
		{6351B42C-22EC-4F87-B12B-FFEFAFD404BA}.EF5 Debug|Any CPU.ActiveCfg = Debug|Any CPU
		{6351B42C-22EC-4F87-B12B-FFEFAFD404BA}.EF5 Debug|Any CPU.Build.0 = Debug|Any CPU
		{6351B42C-22EC-4F87-B12B-FFEFAFD404BA}.EF5 Debug|Any CPU.Deploy.0 = Debug|Any CPU
		{6351B42C-22EC-4F87-B12B-FFEFAFD404BA}.EF5 Release|Any CPU.ActiveCfg = Release|Any CPU
		{6351B42C-22EC-4F87-B12B-FFEFAFD404BA}.EF5 Release|Any CPU.Build.0 = Release|Any CPU
		{6351B42C-22EC-4F87-B12B-FFEFAFD404BA}.EF5 Release|Any CPU.Deploy.0 = Release|Any CPU
		{6351B42C-22EC-4F87-B12B-FFEFAFD404BA}.EF5|Any CPU.ActiveCfg = Release|Any CPU
		{6351B42C-22EC-4F87-B12B-FFEFAFD404BA}.EF5|Any CPU.Build.0 = Release|Any CPU
		{6351B42C-22EC-4F87-B12B-FFEFAFD404BA}.EF5|Any CPU.Deploy.0 = Release|Any CPU
		{6351B42C-22EC-4F87-B12B-FFEFAFD404BA}.Release|Any CPU.ActiveCfg = Release|Any CPU
		{6351B42C-22EC-4F87-B12B-FFEFAFD404BA}.Release|Any CPU.Build.0 = Release|Any CPU
		{6351B42C-22EC-4F87-B12B-FFEFAFD404BA}.Release|Any CPU.Deploy.0 = Release|Any CPU
		{2A7EBA68-F3C5-4E13-B88D-1ECB35EE3CFB}.Debug|Any CPU.ActiveCfg = Debug|Any CPU
		{2A7EBA68-F3C5-4E13-B88D-1ECB35EE3CFB}.Debug|Any CPU.Build.0 = Debug|Any CPU
		{2A7EBA68-F3C5-4E13-B88D-1ECB35EE3CFB}.EF5 Debug|Any CPU.ActiveCfg = Debug|Any CPU
		{2A7EBA68-F3C5-4E13-B88D-1ECB35EE3CFB}.EF5 Debug|Any CPU.Build.0 = Debug|Any CPU
		{2A7EBA68-F3C5-4E13-B88D-1ECB35EE3CFB}.EF5 Release|Any CPU.ActiveCfg = Release|Any CPU
		{2A7EBA68-F3C5-4E13-B88D-1ECB35EE3CFB}.EF5 Release|Any CPU.Build.0 = Release|Any CPU
		{2A7EBA68-F3C5-4E13-B88D-1ECB35EE3CFB}.EF5|Any CPU.ActiveCfg = Release|Any CPU
		{2A7EBA68-F3C5-4E13-B88D-1ECB35EE3CFB}.EF5|Any CPU.Build.0 = Release|Any CPU
		{2A7EBA68-F3C5-4E13-B88D-1ECB35EE3CFB}.Release|Any CPU.ActiveCfg = Release|Any CPU
		{2A7EBA68-F3C5-4E13-B88D-1ECB35EE3CFB}.Release|Any CPU.Build.0 = Release|Any CPU
	EndGlobalSection
	GlobalSection(SolutionProperties) = preSolution
		HideSolutionNode = FALSE
	EndGlobalSection
	GlobalSection(NestedProjects) = preSolution
		{0AC4D700-8155-44AB-A5BD-D97E7C34BCEE} = {21A6B913-0047-4F32-814D-7C1AC4D8B688}
		{B1612F59-9E34-4BC5-A610-E76167654780} = {172AE51D-BBB7-4062-BE81-E8B9D24C6240}
		{0C73335D-0BD3-4CE8-B4D0-EF583BE32F13} = {B098529F-819C-412B-B723-EC52B3218695}
		{13EEBAF1-6E77-40CB-AF5E-6BC46911BE06} = {B098529F-819C-412B-B723-EC52B3218695}
		{12736F0F-E5AF-4B5F-8995-71C2F42949E1} = {B098529F-819C-412B-B723-EC52B3218695}
		{6C0A74D5-81E1-43FE-9B57-CAE400611CD9} = {172AE51D-BBB7-4062-BE81-E8B9D24C6240}
		{0E0D4623-EFBA-4F17-A606-D7195332C8B0} = {72316BE2-6EE8-4B2D-A0CA-E4EE70A16181}
		{EE416BCE-6C13-4464-B4F0-BB27BC2024CB} = {72316BE2-6EE8-4B2D-A0CA-E4EE70A16181}
		{F876470B-E2C8-457D-96FD-35A703C573AD} = {AFDB97F6-585F-4AD5-8819-D1A62365721F}
		{F1B2B109-F244-43F7-9FB9-0D7DF60AF7FF} = {AFDB97F6-585F-4AD5-8819-D1A62365721F}
		{39274474-BB6F-4163-8743-5E4340704DEE} = {B86B7D92-5A5D-4B9A-8893-7F03B6C42D7D}
		{4B5B8BB7-A60C-4E3C-AC29-E3F2DF9E88D4} = {FAD02103-B3E4-47BE-93BC-0896593758B0}
		{93548A11-239A-4196-BA3C-BDF48F123F94} = {FAD02103-B3E4-47BE-93BC-0896593758B0}
		{95011FFB-D0DF-4A05-A475-DA34EE7259C7} = {1705A1DE-5628-49AA-8537-C431795D69E0}
		{708C63A4-3E38-47C6-A109-A85F9CBD765B} = {BC6AF477-8EF8-4EED-B037-E541614F781C}
		{2A48B44F-76C6-4C8E-BED3-731B559CFC78} = {BC6AF477-8EF8-4EED-B037-E541614F781C}
		{4E9F326E-CE97-43B0-839B-AB1970976BD1} = {72316BE2-6EE8-4B2D-A0CA-E4EE70A16181}
		{74311635-E2B8-4296-A8D7-BA11277A46ED} = {72316BE2-6EE8-4B2D-A0CA-E4EE70A16181}
		{3654B358-D645-4B4B-BB18-D259797535F2} = {72316BE2-6EE8-4B2D-A0CA-E4EE70A16181}
		{E22E6F85-9FDB-44CA-B09D-01D324094BF0} = {72316BE2-6EE8-4B2D-A0CA-E4EE70A16181}
	EndGlobalSection
EndGlobal
